
Microsoft Visual Studio Solution File, Format Version 12.00
# Visual Studio Version 17
VisualStudioVersion = 17.7.34031.279
MinimumVisualStudioVersion = 10.0.40219.1
Project("{9A19103F-16F7-4668-BE54-9A1E7A4F7556}") = "DehydratedWood", "DehydratedWood.csproj", "{C6C7AC01-BE05-451B-88E9-E422053DA4AB}"
EndProject
Global
	GlobalSection(SolutionConfigurationPlatforms) = preSolution
		Debug|Any CPU = Debug|Any CPU
		Release|Any CPU = Release|Any CPU
	EndGlobalSection
	GlobalSection(ProjectConfigurationPlatforms) = postSolution
		{C6C7AC01-BE05-451B-88E9-E422053DA4AB}.Debug|Any CPU.ActiveCfg = Debug|Any CPU
		{C6C7AC01-BE05-451B-88E9-E422053DA4AB}.Debug|Any CPU.Build.0 = Debug|Any CPU
		{C6C7AC01-BE05-451B-88E9-E422053DA4AB}.Release|Any CPU.ActiveCfg = Release|Any CPU
		{C6C7AC01-BE05-451B-88E9-E422053DA4AB}.Release|Any CPU.Build.0 = Release|Any CPU
	EndGlobalSection
	GlobalSection(SolutionProperties) = preSolution
		HideSolutionNode = FALSE
	EndGlobalSection
	GlobalSection(ExtensibilityGlobals) = postSolution
		SolutionGuid = {78AED0BA-1FA3-4CE2-827D-22DBFACFBEC6}
	EndGlobalSection
EndGlobal
